
Microsoft Visual Studio Solution File, Format Version 12.00
# Visual Studio 15
VisualStudioVersion = 15.0.28010.2050
MinimumVisualStudioVersion = 10.0.40219.1
Project("{FAE04EC0-301F-11D3-BF4B-00C04F79EFBC}") = "ECDSAKeyManager", "ECDSAKeyManager\ECDSAKeyManager.csproj", "{AC0E5DBB-B47E-4C97-B187-EFF6BFA3CF2B}"
EndProject
Global
	GlobalSection(SolutionConfigurationPlatforms) = preSolution
		Debug|Any CPU = Debug|Any CPU
		Release|Any CPU = Release|Any CPU
	EndGlobalSection
	GlobalSection(ProjectConfigurationPlatforms) = postSolution
		{AC0E5DBB-B47E-4C97-B187-EFF6BFA3CF2B}.Debug|Any CPU.ActiveCfg = Debug|Any CPU
		{AC0E5DBB-B47E-4C97-B187-EFF6BFA3CF2B}.Debug|Any CPU.Build.0 = Debug|Any CPU
		{AC0E5DBB-B47E-4C97-B187-EFF6BFA3CF2B}.Release|Any CPU.ActiveCfg = Release|Any CPU
		{AC0E5DBB-B47E-4C97-B187-EFF6BFA3CF2B}.Release|Any CPU.Build.0 = Release|Any CPU
	EndGlobalSection
	GlobalSection(SolutionProperties) = preSolution
		HideSolutionNode = FALSE
	EndGlobalSection
	GlobalSection(ExtensibilityGlobals) = postSolution
		SolutionGuid = {898F64E0-FC95-4D56-8CB2-FDE095361647}
	EndGlobalSection
EndGlobal
